
Microsoft Visual Studio Solution File, Format Version 12.00
# Visual Studio Version 17
VisualStudioVersion = 17.8.34525.116
MinimumVisualStudioVersion = 10.0.40219.1
Project("{FAE04EC0-301F-11D3-BF4B-00C04F79EFBC}") = "ConsoleSnake", "ConsoleSnake\ConsoleSnake.csproj", "{2C15D3CD-B91C-49AA-9BC2-28AAB4C601D8}"
EndProject
Global
	GlobalSection(SolutionConfigurationPlatforms) = preSolution
		Debug|Any CPU = Debug|Any CPU
		Release|Any CPU = Release|Any CPU
	EndGlobalSection
	GlobalSection(ProjectConfigurationPlatforms) = postSolution
		{2C15D3CD-B91C-49AA-9BC2-28AAB4C601D8}.Debug|Any CPU.ActiveCfg = Debug|Any CPU
		{2C15D3CD-B91C-49AA-9BC2-28AAB4C601D8}.Debug|Any CPU.Build.0 = Debug|Any CPU
		{2C15D3CD-B91C-49AA-9BC2-28AAB4C601D8}.Release|Any CPU.ActiveCfg = Release|Any CPU
		{2C15D3CD-B91C-49AA-9BC2-28AAB4C601D8}.Release|Any CPU.Build.0 = Release|Any CPU
	EndGlobalSection
	GlobalSection(SolutionProperties) = preSolution
		HideSolutionNode = FALSE
	EndGlobalSection
	GlobalSection(ExtensibilityGlobals) = postSolution
		SolutionGuid = {7C9D2A4F-EAE3-4F26-A311-D01311541438}
	EndGlobalSection
EndGlobal
